
Microsoft Visual Studio Solution File, Format Version 12.00
# Visual Studio Version 17
VisualStudioVersion = 17.13.35818.85 d17.13
MinimumVisualStudioVersion = 10.0.40219.1
Project("{FAE04EC0-301F-11D3-BF4B-00C04F79EFBC}") = "Eleicao", "Eleicao\Eleicao.csproj", "{10B705E7-410F-478F-9BA0-9B91AF79E237}"
EndProject
Global
	GlobalSection(SolutionConfigurationPlatforms) = preSolution
		Debug|Any CPU = Debug|Any CPU
		Release|Any CPU = Release|Any CPU
	EndGlobalSection
	GlobalSection(ProjectConfigurationPlatforms) = postSolution
		{10B705E7-410F-478F-9BA0-9B91AF79E237}.Debug|Any CPU.ActiveCfg = Debug|Any CPU
		{10B705E7-410F-478F-9BA0-9B91AF79E237}.Debug|Any CPU.Build.0 = Debug|Any CPU
		{10B705E7-410F-478F-9BA0-9B91AF79E237}.Release|Any CPU.ActiveCfg = Release|Any CPU
		{10B705E7-410F-478F-9BA0-9B91AF79E237}.Release|Any CPU.Build.0 = Release|Any CPU
	EndGlobalSection
	GlobalSection(SolutionProperties) = preSolution
		HideSolutionNode = FALSE
	EndGlobalSection
	GlobalSection(ExtensibilityGlobals) = postSolution
		SolutionGuid = {90D51278-FE21-4996-8959-5F46F4E7CB80}
	EndGlobalSection
EndGlobal
